# THIS IS AN AUTOGENERATED FILE. DO NOT EDIT THIS FILE DIRECTLY.
# yarn lockfile v1


"@types/events@^3.0.0":
  version "3.0.0"
  resolved "https://registry.yarnpkg.com/@types/events/-/events-3.0.0.tgz#2862f3f58a9a7f7c3e78d79f130dd4d71c25c2a7"
  integrity sha512-EaObqwIvayI5a8dCzhFrjKzVwKLxjoG9T6Ppd5CEo07LRKfQ8Yokw54r5+Wq7FaBQ+yXRvQAYPrHwya1/UFt9g==

"@types/spotify-web-playback-sdk@^0.1.7":
  version "0.1.7"
  resolved "https://registry.yarnpkg.com/@types/spotify-web-playback-sdk/-/spotify-web-playback-sdk-0.1.7.tgz#44a9038f6a96a67a83b4495348e49c71b279f74f"
  integrity sha512-6LukYGr1EMux3Ak1K0htq+lN2pU1G4o8m6E/HzQvXkJzWHEQkyQb0MRJ+lAM0nzY602Sqqd1IKNCRAZ2BQDx0A==

events@^3.0.0:
  version "3.0.0"
  resolved "https://registry.yarnpkg.com/events/-/events-3.0.0.tgz#9a0a0dfaf62893d92b875b8f2698ca4114973e88"
  integrity sha512-Dc381HFWJzEOhQ+d8pkNon++bk9h6cdAoAj4iE6Q4y6xgTzySWXlKn05/TVNpjnfRqi/X0EpJEJohPjNI3zpVA==

ky@^0.15.0:
  version "0.15.0"
  resolved "https://registry.yarnpkg.com/ky/-/ky-0.15.0.tgz#bea059d57cc179575adadbba2d8e15610d8fd75b"
  integrity sha512-6IlJRPFHq4ZKRRa9lyh6YqHqlmddAkfyXI9CYvZpLQtg7fQvwncPHyHrmtXAHKCqHOilINPMT88eW6FTA3HwkA==

prettier@^1.19.0:
  version "1.19.0"
  resolved "https://registry.yarnpkg.com/prettier/-/prettier-1.19.0.tgz#3bec4489d5eebcd52b95ddd2c22467b5c852fde1"
  integrity sha512-GlAIjk6DjkNT6u/Bw5QCWrbzh9YlLKwwmJT//1YiCR3WDpZDnyss64aXHQZgF8VKeGlWnX6+tGsKSVxsZT/gtA==

tslib@^1.10.0:
  version "1.10.0"
  resolved "https://registry.yarnpkg.com/tslib/-/tslib-1.10.0.tgz#c3c19f95973fb0a62973fb09d90d961ee43e5c8a"
  integrity sha512-qOebF53frne81cf0S9B41ByenJ3/IuH8yJKngAX35CmiZySA0khhkovshKK+jGCaMnVomla7gVlIcc3EvKPbTQ==

typescript@^3.7.2:
  version "3.7.2"
  resolved "https://registry.yarnpkg.com/typescript/-/typescript-3.7.2.tgz#27e489b95fa5909445e9fef5ee48d81697ad18fb"
  integrity sha512-ml7V7JfiN2Xwvcer+XAf2csGO1bPBdRbFCkYBczNZggrBZ9c7G3riSUeJmqEU5uOtXNPMhE3n+R4FA/3YOAWOQ==
